// !$*UTF8*$!
{
	archiveVersion = 1;
	classes = {
	};
	objectVersion = 46;
	objects = {

/* Begin PBXBuildFile section */
		384CE6621B8BF99000556829 /* Declarations.m in Sources */ = {isa = PBXBuildFile; fileRef = 384CE6611B8BF99000556829 /* Declarations.m */; };
		384CE6641B8C02EE00556829 /* FBSDKCoreKit.framework in Frameworks */ = {isa = PBXBuildFile; fileRef = 384CE6631B8C02EE00556829 /* FBSDKCoreKit.framework */; };
		384CE6671B8C02FE00556829 /* FBSDKLoginKit.framework in Frameworks */ = {isa = PBXBuildFile; fileRef = 384CE6651B8C02FE00556829 /* FBSDKLoginKit.framework */; };
		384CE6681B8C02FE00556829 /* FBSDKShareKit.framework in Frameworks */ = {isa = PBXBuildFile; fileRef = 384CE6661B8C02FE00556829 /* FBSDKShareKit.framework */; };
		384CE66B1B8C044500556829 /* Login.m in Sources */ = {isa = PBXBuildFile; fileRef = 384CE66A1B8C044500556829 /* Login.m */; };
		384E3B431B8909CC00C7B073 /* main.m in Sources */ = {isa = PBXBuildFile; fileRef = 384E3B421B8909CC00C7B073 /* main.m */; };
		384E3B461B8909CC00C7B073 /* AppDelegate.m in Sources */ = {isa = PBXBuildFile; fileRef = 384E3B451B8909CC00C7B073 /* AppDelegate.m */; };
		384E3B491B8909CC00C7B073 /* Adopt_A_Friend.xcdatamodeld in Sources */ = {isa = PBXBuildFile; fileRef = 384E3B471B8909CC00C7B073 /* Adopt_A_Friend.xcdatamodeld */; };
		384E3B4C1B8909CC00C7B073 /* Start.m in Sources */ = {isa = PBXBuildFile; fileRef = 384E3B4B1B8909CC00C7B073 /* Start.m */; };
		384E3B4F1B8909CC00C7B073 /* Main.storyboard in Resources */ = {isa = PBXBuildFile; fileRef = 384E3B4D1B8909CC00C7B073 /* Main.storyboard */; };
		384E3B511B8909CC00C7B073 /* Images.xcassets in Resources */ = {isa = PBXBuildFile; fileRef = 384E3B501B8909CC00C7B073 /* Images.xcassets */; };
		384E3B541B8909CC00C7B073 /* LaunchScreen.xib in Resources */ = {isa = PBXBuildFile; fileRef = 384E3B521B8909CC00C7B073 /* LaunchScreen.xib */; };
		384E3B601B8909CD00C7B073 /* Adopt_A_FriendTests.m in Sources */ = {isa = PBXBuildFile; fileRef = 384E3B5F1B8909CD00C7B073 /* Adopt_A_FriendTests.m */; };
		384E3B6D1B890C3100C7B073 /* Intro.m in Sources */ = {isa = PBXBuildFile; fileRef = 384E3B6C1B890C3100C7B073 /* Intro.m */; };
		384E3B701B890C6600C7B073 /* Home.m in Sources */ = {isa = PBXBuildFile; fileRef = 384E3B6F1B890C6600C7B073 /* Home.m */; };
		384E3B731B89115800C7B073 /* Register.m in Sources */ = {isa = PBXBuildFile; fileRef = 384E3B721B89115800C7B073 /* Register.m */; };
		384E3B761B89123400C7B073 /* MainPage.m in Sources */ = {isa = PBXBuildFile; fileRef = 384E3B751B89123400C7B073 /* MainPage.m */; };
		384E3B791B89128A00C7B073 /* AddDog.m in Sources */ = {isa = PBXBuildFile; fileRef = 384E3B781B89128A00C7B073 /* AddDog.m */; };
		384E3B7C1B8912B200C7B073 /* MyDogs.m in Sources */ = {isa = PBXBuildFile; fileRef = 384E3B7B1B8912B200C7B073 /* MyDogs.m */; };
		384E3B811B8912EF00C7B073 /* cellDog.m in Sources */ = {isa = PBXBuildFile; fileRef = 384E3B7F1B8912EF00C7B073 /* cellDog.m */; };
		384E3B821B8912EF00C7B073 /* cellDog.xib in Resources */ = {isa = PBXBuildFile; fileRef = 384E3B801B8912EF00C7B073 /* cellDog.xib */; };
/* End PBXBuildFile section */

/* Begin PBXContainerItemProxy section */
		384E3B5A1B8909CC00C7B073 /* PBXContainerItemProxy */ = {
			isa = PBXContainerItemProxy;
			containerPortal = 384E3B351B8909CC00C7B073 /* Project object */;
			proxyType = 1;
			remoteGlobalIDString = 384E3B3C1B8909CC00C7B073;
			remoteInfo = "Adopt-A-Friend";
		};
/* End PBXContainerItemProxy section */

/* Begin PBXFileReference section */
		384CE6601B8BF99000556829 /* Declarations.h */ = {isa = PBXFileReference; fileEncoding = 4; lastKnownFileType = sourcecode.c.h; path = Declarations.h; sourceTree = "<group>"; };
		384CE6611B8BF99000556829 /* Declarations.m */ = {isa = PBXFileReference; fileEncoding = 4; lastKnownFileType = sourcecode.c.objc; path = Declarations.m; sourceTree = "<group>"; };
		384CE6631B8C02EE00556829 /* FBSDKCoreKit.framework */ = {isa = PBXFileReference; lastKnownFileType = wrapper.framework; name = FBSDKCoreKit.framework; path = "FacebookSDKs-iOS-20150813/FBSDKCoreKit.framework"; sourceTree = "<group>"; };
		384CE6651B8C02FE00556829 /* FBSDKLoginKit.framework */ = {isa = PBXFileReference; lastKnownFileType = wrapper.framework; name = FBSDKLoginKit.framework; path = "FacebookSDKs-iOS-20150813/FBSDKLoginKit.framework"; sourceTree = "<group>"; };
		384CE6661B8C02FE00556829 /* FBSDKShareKit.framework */ = {isa = PBXFileReference; lastKnownFileType = wrapper.framework; name = FBSDKShareKit.framework; path = "FacebookSDKs-iOS-20150813/FBSDKShareKit.framework"; sourceTree = "<group>"; };
		384CE6691B8C044500556829 /* Login.h */ = {isa = PBXFileReference; fileEncoding = 4; lastKnownFileType = sourcecode.c.h; path = Login.h; sourceTree = "<group>"; };
		384CE66A1B8C044500556829 /* Login.m */ = {isa = PBXFileReference; fileEncoding = 4; lastKnownFileType = sourcecode.c.objc; path = Login.m; sourceTree = "<group>"; };
		384E3B3D1B8909CC00C7B073 /* Adopt-A-Friend.app */ = {isa = PBXFileReference; explicitFileType = wrapper.application; includeInIndex = 0; path = "Adopt-A-Friend.app"; sourceTree = BUILT_PRODUCTS_DIR; };
		384E3B411B8909CC00C7B073 /* Info.plist */ = {isa = PBXFileReference; lastKnownFileType = text.plist.xml; path = Info.plist; sourceTree = "<group>"; };
		384E3B421B8909CC00C7B073 /* main.m */ = {isa = PBXFileReference; lastKnownFileType = sourcecode.c.objc; path = main.m; sourceTree = "<group>"; };
		384E3B441B8909CC00C7B073 /* AppDelegate.h */ = {isa = PBXFileReference; lastKnownFileType = sourcecode.c.h; path = AppDelegate.h; sourceTree = "<group>"; };
		384E3B451B8909CC00C7B073 /* AppDelegate.m */ = {isa = PBXFileReference; lastKnownFileType = sourcecode.c.objc; path = AppDelegate.m; sourceTree = "<group>"; };
		384E3B481B8909CC00C7B073 /* Adopt_A_Friend.xcdatamodel */ = {isa = PBXFileReference; lastKnownFileType = wrapper.xcdatamodel; path = Adopt_A_Friend.xcdatamodel; sourceTree = "<group>"; };
		384E3B4A1B8909CC00C7B073 /* Start.h */ = {isa = PBXFileReference; lastKnownFileType = sourcecode.c.h; path = Start.h; sourceTree = "<group>"; };
		384E3B4B1B8909CC00C7B073 /* Start.m */ = {isa = PBXFileReference; lastKnownFileType = sourcecode.c.objc; path = Start.m; sourceTree = "<group>"; };
		384E3B4E1B8909CC00C7B073 /* Base */ = {isa = PBXFileReference; lastKnownFileType = file.storyboard; name = Base; path = Base.lproj/Main.storyboard; sourceTree = "<group>"; };
		384E3B501B8909CC00C7B073 /* Images.xcassets */ = {isa = PBXFileReference; lastKnownFileType = folder.assetcatalog; path = Images.xcassets; sourceTree = "<group>"; };
		384E3B531B8909CC00C7B073 /* Base */ = {isa = PBXFileReference; lastKnownFileType = file.xib; name = Base; path = Base.lproj/LaunchScreen.xib; sourceTree = "<group>"; };
		384E3B591B8909CC00C7B073 /* Adopt-A-FriendTests.xctest */ = {isa = PBXFileReference; explicitFileType = wrapper.cfbundle; includeInIndex = 0; path = "Adopt-A-FriendTests.xctest"; sourceTree = BUILT_PRODUCTS_DIR; };
		384E3B5E1B8909CD00C7B073 /* Info.plist */ = {isa = PBXFileReference; lastKnownFileType = text.plist.xml; path = Info.plist; sourceTree = "<group>"; };
		384E3B5F1B8909CD00C7B073 /* Adopt_A_FriendTests.m */ = {isa = PBXFileReference; lastKnownFileType = sourcecode.c.objc; path = Adopt_A_FriendTests.m; sourceTree = "<group>"; };
		384E3B6B1B890C3100C7B073 /* Intro.h */ = {isa = PBXFileReference; fileEncoding = 4; lastKnownFileType = sourcecode.c.h; path = Intro.h; sourceTree = "<group>"; };
		384E3B6C1B890C3100C7B073 /* Intro.m */ = {isa = PBXFileReference; fileEncoding = 4; lastKnownFileType = sourcecode.c.objc; path = Intro.m; sourceTree = "<group>"; };
		384E3B6E1B890C6600C7B073 /* Home.h */ = {isa = PBXFileReference; fileEncoding = 4; lastKnownFileType = sourcecode.c.h; path = Home.h; sourceTree = "<group>"; };
		384E3B6F1B890C6600C7B073 /* Home.m */ = {isa = PBXFileReference; fileEncoding = 4; lastKnownFileType = sourcecode.c.objc; path = Home.m; sourceTree = "<group>"; };
		384E3B711B89115800C7B073 /* Register.h */ = {isa = PBXFileReference; fileEncoding = 4; lastKnownFileType = sourcecode.c.h; path = Register.h; sourceTree = "<group>"; };
		384E3B721B89115800C7B073 /* Register.m */ = {isa = PBXFileReference; fileEncoding = 4; lastKnownFileType = sourcecode.c.objc; path = Register.m; sourceTree = "<group>"; };
		384E3B741B89123400C7B073 /* MainPage.h */ = {isa = PBXFileReference; fileEncoding = 4; lastKnownFileType = sourcecode.c.h; path = MainPage.h; sourceTree = "<group>"; };
		384E3B751B89123400C7B073 /* MainPage.m */ = {isa = PBXFileReference; fileEncoding = 4; lastKnownFileType = sourcecode.c.objc; path = MainPage.m; sourceTree = "<group>"; };
		384E3B771B89128A00C7B073 /* AddDog.h */ = {isa = PBXFileReference; fileEncoding = 4; lastKnownFileType = sourcecode.c.h; path = AddDog.h; sourceTree = "<group>"; };
		384E3B781B89128A00C7B073 /* AddDog.m */ = {isa = PBXFileReference; fileEncoding = 4; lastKnownFileType = sourcecode.c.objc; path = AddDog.m; sourceTree = "<group>"; };
		384E3B7A1B8912B200C7B073 /* MyDogs.h */ = {isa = PBXFileReference; fileEncoding = 4; lastKnownFileType = sourcecode.c.h; path = MyDogs.h; sourceTree = "<group>"; };
		384E3B7B1B8912B200C7B073 /* MyDogs.m */ = {isa = PBXFileReference; fileEncoding = 4; lastKnownFileType = sourcecode.c.objc; path = MyDogs.m; sourceTree = "<group>"; };
		384E3B7E1B8912EF00C7B073 /* cellDog.h */ = {isa = PBXFileReference; fileEncoding = 4; lastKnownFileType = sourcecode.c.h; path = cellDog.h; sourceTree = "<group>"; };
		384E3B7F1B8912EF00C7B073 /* cellDog.m */ = {isa = PBXFileReference; fileEncoding = 4; lastKnownFileType = sourcecode.c.objc; path = cellDog.m; sourceTree = "<group>"; };
		384E3B801B8912EF00C7B073 /* cellDog.xib */ = {isa = PBXFileReference; fileEncoding = 4; lastKnownFileType = file.xib; path = cellDog.xib; sourceTree = "<group>"; };
/* End PBXFileReference section */

/* Begin PBXFrameworksBuildPhase section */
		384E3B3A1B8909CC00C7B073 /* Frameworks */ = {
			isa = PBXFrameworksBuildPhase;
			buildActionMask = 2147483647;
			files = (
				384CE6671B8C02FE00556829 /* FBSDKLoginKit.framework in Frameworks */,
				384CE6641B8C02EE00556829 /* FBSDKCoreKit.framework in Frameworks */,
				384CE6681B8C02FE00556829 /* FBSDKShareKit.framework in Frameworks */,
			);
			runOnlyForDeploymentPostprocessing = 0;
		};
		384E3B561B8909CC00C7B073 /* Frameworks */ = {
			isa = PBXFrameworksBuildPhase;
			buildActionMask = 2147483647;
			files = (
			);
			runOnlyForDeploymentPostprocessing = 0;
		};
/* End PBXFrameworksBuildPhase section */

/* Begin PBXGroup section */
		384E3B341B8909CC00C7B073 = {
			isa = PBXGroup;
			children = (
				384E3B3F1B8909CC00C7B073 /* Adopt-A-Friend */,
				384E3B5C1B8909CC00C7B073 /* Adopt-A-FriendTests */,
				384E3B3E1B8909CC00C7B073 /* Products */,
			);
			sourceTree = "<group>";
		};
		384E3B3E1B8909CC00C7B073 /* Products */ = {
			isa = PBXGroup;
			children = (
				384E3B3D1B8909CC00C7B073 /* Adopt-A-Friend.app */,
				384E3B591B8909CC00C7B073 /* Adopt-A-FriendTests.xctest */,
			);
			name = Products;
			sourceTree = "<group>";
		};
		384E3B3F1B8909CC00C7B073 /* Adopt-A-Friend */ = {
			isa = PBXGroup;
			children = (
				384E3B7D1B8912D400C7B073 /* Cells */,
				384E3B6A1B890BBE00C7B073 /* Controllers */,
				384E3B691B890BB700C7B073 /* Main */,
				384E3B4D1B8909CC00C7B073 /* Main.storyboard */,
				384E3B501B8909CC00C7B073 /* Images.xcassets */,
				384E3B521B8909CC00C7B073 /* LaunchScreen.xib */,
				384E3B471B8909CC00C7B073 /* Adopt_A_Friend.xcdatamodeld */,
				384E3B401B8909CC00C7B073 /* Supporting Files */,
			);
			path = "Adopt-A-Friend";
			sourceTree = "<group>";
		};
		384E3B401B8909CC00C7B073 /* Supporting Files */ = {
			isa = PBXGroup;
			children = (
				384CE6651B8C02FE00556829 /* FBSDKLoginKit.framework */,
				384CE6661B8C02FE00556829 /* FBSDKShareKit.framework */,
				384CE6631B8C02EE00556829 /* FBSDKCoreKit.framework */,
				384E3B411B8909CC00C7B073 /* Info.plist */,
				384E3B421B8909CC00C7B073 /* main.m */,
			);
			name = "Supporting Files";
			sourceTree = "<group>";
		};
		384E3B5C1B8909CC00C7B073 /* Adopt-A-FriendTests */ = {
			isa = PBXGroup;
			children = (
				384E3B5F1B8909CD00C7B073 /* Adopt_A_FriendTests.m */,
				384E3B5D1B8909CD00C7B073 /* Supporting Files */,
			);
			path = "Adopt-A-FriendTests";
			sourceTree = "<group>";
		};
		384E3B5D1B8909CD00C7B073 /* Supporting Files */ = {
			isa = PBXGroup;
			children = (
				384E3B5E1B8909CD00C7B073 /* Info.plist */,
			);
			name = "Supporting Files";
			sourceTree = "<group>";
		};
		384E3B691B890BB700C7B073 /* Main */ = {
			isa = PBXGroup;
			children = (
				384E3B4A1B8909CC00C7B073 /* Start.h */,
				384E3B4B1B8909CC00C7B073 /* Start.m */,
				384E3B6B1B890C3100C7B073 /* Intro.h */,
				384E3B6C1B890C3100C7B073 /* Intro.m */,
				384E3B6E1B890C6600C7B073 /* Home.h */,
				384E3B6F1B890C6600C7B073 /* Home.m */,
				384E3B711B89115800C7B073 /* Register.h */,
				384E3B721B89115800C7B073 /* Register.m */,
				384E3B741B89123400C7B073 /* MainPage.h */,
				384E3B751B89123400C7B073 /* MainPage.m */,
				384E3B771B89128A00C7B073 /* AddDog.h */,
				384E3B781B89128A00C7B073 /* AddDog.m */,
				384E3B7A1B8912B200C7B073 /* MyDogs.h */,
				384E3B7B1B8912B200C7B073 /* MyDogs.m */,
				384CE6691B8C044500556829 /* Login.h */,
				384CE66A1B8C044500556829 /* Login.m */,
			);
			name = Main;
			sourceTree = "<group>";
		};
		384E3B6A1B890BBE00C7B073 /* Controllers */ = {
			isa = PBXGroup;
			children = (
				384E3B441B8909CC00C7B073 /* AppDelegate.h */,
				384E3B451B8909CC00C7B073 /* AppDelegate.m */,
				384CE6601B8BF99000556829 /* Declarations.h */,
				384CE6611B8BF99000556829 /* Declarations.m */,
			);
			name = Controllers;
			sourceTree = "<group>";
		};
		384E3B7D1B8912D400C7B073 /* Cells */ = {
			isa = PBXGroup;
			children = (
				384E3B7E1B8912EF00C7B073 /* cellDog.h */,
				384E3B7F1B8912EF00C7B073 /* cellDog.m */,
				384E3B801B8912EF00C7B073 /* cellDog.xib */,
			);
			name = Cells;
			sourceTree = "<group>";
		};
/* End PBXGroup section */

/* Begin PBXNativeTarget section */
		384E3B3C1B8909CC00C7B073 /* Adopt-A-Friend */ = {
			isa = PBXNativeTarget;
			buildConfigurationList = 384E3B631B8909CD00C7B073 /* Build configuration list for PBXNativeTarget "Adopt-A-Friend" */;
			buildPhases = (
				384E3B391B8909CC00C7B073 /* Sources */,
				384E3B3A1B8909CC00C7B073 /* Frameworks */,
				384E3B3B1B8909CC00C7B073 /* Resources */,
			);
			buildRules = (
			);
			dependencies = (
			);
			name = "Adopt-A-Friend";
			productName = "Adopt-A-Friend";
			productReference = 384E3B3D1B8909CC00C7B073 /* Adopt-A-Friend.app */;
			productType = "com.apple.product-type.application";
		};
		384E3B581B8909CC00C7B073 /* Adopt-A-FriendTests */ = {
			isa = PBXNativeTarget;
			buildConfigurationList = 384E3B661B8909CD00C7B073 /* Build configuration list for PBXNativeTarget "Adopt-A-FriendTests" */;
			buildPhases = (
				384E3B551B8909CC00C7B073 /* Sources */,
				384E3B561B8909CC00C7B073 /* Frameworks */,
				384E3B571B8909CC00C7B073 /* Resources */,
			);
			buildRules = (
			);
			dependencies = (
				384E3B5B1B8909CC00C7B073 /* PBXTargetDependency */,
			);
			name = "Adopt-A-FriendTests";
			productName = "Adopt-A-FriendTests";
			productReference = 384E3B591B8909CC00C7B073 /* Adopt-A-FriendTests.xctest */;
			productType = "com.apple.product-type.bundle.unit-test";
		};
/* End PBXNativeTarget section */

/* Begin PBXProject section */
		384E3B351B8909CC00C7B073 /* Project object */ = {
			isa = PBXProject;
			attributes = {
				LastUpgradeCheck = 0640;
				ORGANIZATIONNAME = vita;
				TargetAttributes = {
					384E3B3C1B8909CC00C7B073 = {
						CreatedOnToolsVersion = 6.4;
					};
					384E3B581B8909CC00C7B073 = {
						CreatedOnToolsVersion = 6.4;
						TestTargetID = 384E3B3C1B8909CC00C7B073;
					};
				};
			};
			buildConfigurationList = 384E3B381B8909CC00C7B073 /* Build configuration list for PBXProject "Adopt-A-Friend" */;
			compatibilityVersion = "Xcode 3.2";
			developmentRegion = English;
			hasScannedForEncodings = 0;
			knownRegions = (
				en,
				Base,
			);
			mainGroup = 384E3B341B8909CC00C7B073;
			productRefGroup = 384E3B3E1B8909CC00C7B073 /* Products */;
			projectDirPath = "";
			projectRoot = "";
			targets = (
				384E3B3C1B8909CC00C7B073 /* Adopt-A-Friend */,
				384E3B581B8909CC00C7B073 /* Adopt-A-FriendTests */,
			);
		};
/* End PBXProject section */

/* Begin PBXResourcesBuildPhase section */
		384E3B3B1B8909CC00C7B073 /* Resources */ = {
			isa = PBXResourcesBuildPhase;
			buildActionMask = 2147483647;
			files = (
				384E3B4F1B8909CC00C7B073 /* Main.storyboard in Resources */,
				384E3B541B8909CC00C7B073 /* LaunchScreen.xib in Resources */,
				384E3B821B8912EF00C7B073 /* cellDog.xib in Resources */,
				384E3B511B8909CC00C7B073 /* Images.xcassets in Resources */,
			);
			runOnlyForDeploymentPostprocessing = 0;
		};
		384E3B571B8909CC00C7B073 /* Resources */ = {
			isa = PBXResourcesBuildPhase;
			buildActionMask = 2147483647;
			files = (
			);
			runOnlyForDeploymentPostprocessing = 0;
		};
/* End PBXResourcesBuildPhase section */

/* Begin PBXSourcesBuildPhase section */
		384E3B391B8909CC00C7B073 /* Sources */ = {
			isa = PBXSourcesBuildPhase;
			buildActionMask = 2147483647;
			files = (
				384E3B461B8909CC00C7B073 /* AppDelegate.m in Sources */,
				384E3B431B8909CC00C7B073 /* main.m in Sources */,
				384CE66B1B8C044500556829 /* Login.m in Sources */,
				384CE6621B8BF99000556829 /* Declarations.m in Sources */,
				384E3B701B890C6600C7B073 /* Home.m in Sources */,
				384E3B4C1B8909CC00C7B073 /* Start.m in Sources */,
				384E3B7C1B8912B200C7B073 /* MyDogs.m in Sources */,
				384E3B811B8912EF00C7B073 /* cellDog.m in Sources */,
				384E3B791B89128A00C7B073 /* AddDog.m in Sources */,
				384E3B491B8909CC00C7B073 /* Adopt_A_Friend.xcdatamodeld in Sources */,
				384E3B6D1B890C3100C7B073 /* Intro.m in Sources */,
				384E3B731B89115800C7B073 /* Register.m in Sources */,
				384E3B761B89123400C7B073 /* MainPage.m in Sources */,
			);
			runOnlyForDeploymentPostprocessing = 0;
		};
		384E3B551B8909CC00C7B073 /* Sources */ = {
			isa = PBXSourcesBuildPhase;
			buildActionMask = 2147483647;
			files = (
				384E3B601B8909CD00C7B073 /* Adopt_A_FriendTests.m in Sources */,
			);
			runOnlyForDeploymentPostprocessing = 0;
		};
/* End PBXSourcesBuildPhase section */

/* Begin PBXTargetDependency section */
		384E3B5B1B8909CC00C7B073 /* PBXTargetDependency */ = {
			isa = PBXTargetDependency;
			target = 384E3B3C1B8909CC00C7B073 /* Adopt-A-Friend */;
			targetProxy = 384E3B5A1B8909CC00C7B073 /* PBXContainerItemProxy */;
		};
/* End PBXTargetDependency section */

/* Begin PBXVariantGroup section */
		384E3B4D1B8909CC00C7B073 /* Main.storyboard */ = {
			isa = PBXVariantGroup;
			children = (
				384E3B4E1B8909CC00C7B073 /* Base */,
			);
			name = Main.storyboard;
			sourceTree = "<group>";
		};
		384E3B521B8909CC00C7B073 /* LaunchScreen.xib */ = {
			isa = PBXVariantGroup;
			children = (
				384E3B531B8909CC00C7B073 /* Base */,
			);
			name = LaunchScreen.xib;
			sourceTree = "<group>";
		};
/* End PBXVariantGroup section */

/* Begin XCBuildConfiguration section */
		384E3B611B8909CD00C7B073 /* Debug */ = {
			isa = XCBuildConfiguration;
			buildSettings = {
				ALWAYS_SEARCH_USER_PATHS = NO;
				CLANG_CXX_LANGUAGE_STANDARD = "gnu++0x";
				CLANG_CXX_LIBRARY = "libc++";
				CLANG_ENABLE_MODULES = YES;
				CLANG_ENABLE_OBJC_ARC = YES;
				CLANG_WARN_BOOL_CONVERSION = YES;
				CLANG_WARN_CONSTANT_CONVERSION = YES;
				CLANG_WARN_DIRECT_OBJC_ISA_USAGE = YES_ERROR;
				CLANG_WARN_EMPTY_BODY = YES;
				CLANG_WARN_ENUM_CONVERSION = YES;
				CLANG_WARN_INT_CONVERSION = YES;
				CLANG_WARN_OBJC_ROOT_CLASS = YES_ERROR;
				CLANG_WARN_UNREACHABLE_CODE = YES;
				CLANG_WARN__DUPLICATE_METHOD_MATCH = YES;
				"CODE_SIGN_IDENTITY[sdk=iphoneos*]" = "iPhone Developer";
				COPY_PHASE_STRIP = NO;
				DEBUG_INFORMATION_FORMAT = "dwarf-with-dsym";
				ENABLE_STRICT_OBJC_MSGSEND = YES;
				GCC_C_LANGUAGE_STANDARD = gnu99;
				GCC_DYNAMIC_NO_PIC = NO;
				GCC_NO_COMMON_BLOCKS = YES;
				GCC_OPTIMIZATION_LEVEL = 0;
				GCC_PREPROCESSOR_DEFINITIONS = (
					"DEBUG=1",
					"$(inherited)",
				);
				GCC_SYMBOLS_PRIVATE_EXTERN = NO;
				GCC_WARN_64_TO_32_BIT_CONVERSION = YES;
				GCC_WARN_ABOUT_RETURN_TYPE = YES_ERROR;
				GCC_WARN_UNDECLARED_SELECTOR = YES;
				GCC_WARN_UNINITIALIZED_AUTOS = YES_AGGRESSIVE;
				GCC_WARN_UNUSED_FUNCTION = YES;
				GCC_WARN_UNUSED_VARIABLE = YES;
				IPHONEOS_DEPLOYMENT_TARGET = 8.4;
				MTL_ENABLE_DEBUG_INFO = YES;
				ONLY_ACTIVE_ARCH = YES;
				SDKROOT = iphoneos;
			};
			name = Debug;
		};
		384E3B621B8909CD00C7B073 /* Release */ = {
			isa = XCBuildConfiguration;
			buildSettings = {
				ALWAYS_SEARCH_USER_PATHS = NO;
				CLANG_CXX_LANGUAGE_STANDARD = "gnu++0x";
				CLANG_CXX_LIBRARY = "libc++";
				CLANG_ENABLE_MODULES = YES;
				CLANG_ENABLE_OBJC_ARC = YES;
				CLANG_WARN_BOOL_CONVERSION = YES;
				CLANG_WARN_CONSTANT_CONVERSION = YES;
				CLANG_WARN_DIRECT_OBJC_ISA_USAGE = YES_ERROR;
				CLANG_WARN_EMPTY_BODY = YES;
				CLANG_WARN_ENUM_CONVERSION = YES;
				CLANG_WARN_INT_CONVERSION = YES;
				CLANG_WARN_OBJC_ROOT_CLASS = YES_ERROR;
				CLANG_WARN_UNREACHABLE_CODE = YES;
				CLANG_WARN__DUPLICATE_METHOD_MATCH = YES;
				"CODE_SIGN_IDENTITY[sdk=iphoneos*]" = "iPhone Developer";
				COPY_PHASE_STRIP = NO;
				DEBUG_INFORMATION_FORMAT = "dwarf-with-dsym";
				ENABLE_NS_ASSERTIONS = NO;
				ENABLE_STRICT_OBJC_MSGSEND = YES;
				GCC_C_LANGUAGE_STANDARD = gnu99;
				GCC_NO_COMMON_BLOCKS = YES;
				GCC_WARN_64_TO_32_BIT_CONVERSION = YES;
				GCC_WARN_ABOUT_RETURN_TYPE = YES_ERROR;
				GCC_WARN_UNDECLARED_SELECTOR = YES;
				GCC_WARN_UNINITIALIZED_AUTOS = YES_AGGRESSIVE;
				GCC_WARN_UNUSED_FUNCTION = YES;
				GCC_WARN_UNUSED_VARIABLE = YES;
				IPHONEOS_DEPLOYMENT_TARGET = 8.4;
				MTL_ENABLE_DEBUG_INFO = NO;
				SDKROOT = iphoneos;
				VALIDATE_PRODUCT = YES;
			};
			name = Release;
		};
		384E3B641B8909CD00C7B073 /* Debug */ = {
			isa = XCBuildConfiguration;
			buildSettings = {
				ASSETCATALOG_COMPILER_APPICON_NAME = AppIcon;
				FRAMEWORK_SEARCH_PATHS = (
					"$(inherited)",
					"$(PROJECT_DIR)/Adopt-A-Friend/FacebookSDKs-iOS-20150813",
				);
				INFOPLIST_FILE = "Adopt-A-Friend/Info.plist";
				LD_RUNPATH_SEARCH_PATHS = "$(inherited) @executable_path/Frameworks";
				PRODUCT_NAME = "$(TARGET_NAME)";
			};
			name = Debug;
		};
		384E3B651B8909CD00C7B073 /* Release */ = {
			isa = XCBuildConfiguration;
			buildSettings = {
				ASSETCATALOG_COMPILER_APPICON_NAME = AppIcon;
				FRAMEWORK_SEARCH_PATHS = (
					"$(inherited)",
					"$(PROJECT_DIR)/Adopt-A-Friend/FacebookSDKs-iOS-20150813",
				);
				INFOPLIST_FILE = "Adopt-A-Friend/Info.plist";
				LD_RUNPATH_SEARCH_PATHS = "$(inherited) @executable_path/Frameworks";
				PRODUCT_NAME = "$(TARGET_NAME)";
			};
			name = Release;
		};
		384E3B671B8909CD00C7B073 /* Debug */ = {
			isa = XCBuildConfiguration;
			buildSettings = {
				BUNDLE_LOADER = "$(TEST_HOST)";
				FRAMEWORK_SEARCH_PATHS = (
					"$(SDKROOT)/Developer/Library/Frameworks",
					"$(inherited)",
				);
				GCC_PREPROCESSOR_DEFINITIONS = (
					"DEBUG=1",
					"$(inherited)",
				);
				INFOPLIST_FILE = "Adopt-A-FriendTests/Info.plist";
				LD_RUNPATH_SEARCH_PATHS = "$(inherited) @executable_path/Frameworks @loader_path/Frameworks";
				PRODUCT_NAME = "$(TARGET_NAME)";
				TEST_HOST = "$(BUILT_PRODUCTS_DIR)/Adopt-A-Friend.app/Adopt-A-Friend";
			};
			name = Debug;
		};
		384E3B681B8909CD00C7B073 /* Release */ = {
			isa = XCBuildConfiguration;
			buildSettings = {
				BUNDLE_LOADER = "$(TEST_HOST)";
				FRAMEWORK_SEARCH_PATHS = (
					"$(SDKROOT)/Developer/Library/Frameworks",
					"$(inherited)",
				);
				INFOPLIST_FILE = "Adopt-A-FriendTests/Info.plist";
				LD_RUNPATH_SEARCH_PATHS = "$(inherited) @executable_path/Frameworks @loader_path/Frameworks";
				PRODUCT_NAME = "$(TARGET_NAME)";
				TEST_HOST = "$(BUILT_PRODUCTS_DIR)/Adopt-A-Friend.app/Adopt-A-Friend";
			};
			name = Release;
		};
/* End XCBuildConfiguration section */

/* Begin XCConfigurationList section */
		384E3B381B8909CC00C7B073 /* Build configuration list for PBXProject "Adopt-A-Friend" */ = {
			isa = XCConfigurationList;
			buildConfigurations = (
				384E3B611B8909CD00C7B073 /* Debug */,
				384E3B621B8909CD00C7B073 /* Release */,
			);
			defaultConfigurationIsVisible = 0;
			defaultConfigurationName = Release;
		};
		384E3B631B8909CD00C7B073 /* Build configuration list for PBXNativeTarget "Adopt-A-Friend" */ = {
			isa = XCConfigurationList;
			buildConfigurations = (
				384E3B641B8909CD00C7B073 /* Debug */,
				384E3B651B8909CD00C7B073 /* Release */,
			);
			defaultConfigurationIsVisible = 0;
			defaultConfigurationName = Release;
		};
		384E3B661B8909CD00C7B073 /* Build configuration list for PBXNativeTarget "Adopt-A-FriendTests" */ = {
			isa = XCConfigurationList;
			buildConfigurations = (
				384E3B671B8909CD00C7B073 /* Debug */,
				384E3B681B8909CD00C7B073 /* Release */,
			);
			defaultConfigurationIsVisible = 0;
			defaultConfigurationName = Release;
		};
/* End XCConfigurationList section */

/* Begin XCVersionGroup section */
		384E3B471B8909CC00C7B073 /* Adopt_A_Friend.xcdatamodeld */ = {
			isa = XCVersionGroup;
			children = (
				384E3B481B8909CC00C7B073 /* Adopt_A_Friend.xcdatamodel */,
			);
			currentVersion = 384E3B481B8909CC00C7B073 /* Adopt_A_Friend.xcdatamodel */;
			path = Adopt_A_Friend.xcdatamodeld;
			sourceTree = "<group>";
			versionGroupType = wrapper.xcdatamodel;
		};
/* End XCVersionGroup section */
	};
	rootObject = 384E3B351B8909CC00C7B073 /* Project object */;
}
